
Microsoft Visual Studio Solution File, Format Version 12.00
# Visual Studio Version 16
VisualStudioVersion = 16.0.30717.126
MinimumVisualStudioVersion = 10.0.40219.1
Project("{9A19103F-16F7-4668-BE54-9A1E7A4F7556}") = "BillingApiTask.Services", "BillingApiTask.Services\BillingApiTask.Services.csproj", "{1AA6DA16-B8FA-4B52-B55C-05AA0CC67F12}"
EndProject
Project("{9A19103F-16F7-4668-BE54-9A1E7A4F7556}") = "BillingApiTask.BillingApi", "BillingApiTask.BillingApi\BillingApiTask.BillingApi.csproj", "{35BD75C7-0A61-4905-A4E5-F20C12541A9B}"
EndProject
Project("{FAE04EC0-301F-11D3-BF4B-00C04F79EFBC}") = "BillingApiTask.Models", "BillingApiTask.Models\BillingApiTask.Models.csproj", "{C8835492-A2C4-4A1D-A112-E277B69189A6}"
EndProject
Project("{FAE04EC0-301F-11D3-BF4B-00C04F79EFBC}") = "BillingApiTask.Tests", "BillingApiTask.Tests\BillingApiTask.Tests.csproj", "{FEF30033-9D52-4B35-9426-481FED511153}"
EndProject
Global
	GlobalSection(SolutionConfigurationPlatforms) = preSolution
		Debug|Any CPU = Debug|Any CPU
		Release|Any CPU = Release|Any CPU
	EndGlobalSection
	GlobalSection(ProjectConfigurationPlatforms) = postSolution
		{1AA6DA16-B8FA-4B52-B55C-05AA0CC67F12}.Debug|Any CPU.ActiveCfg = Debug|Any CPU
		{1AA6DA16-B8FA-4B52-B55C-05AA0CC67F12}.Debug|Any CPU.Build.0 = Debug|Any CPU
		{1AA6DA16-B8FA-4B52-B55C-05AA0CC67F12}.Release|Any CPU.ActiveCfg = Release|Any CPU
		{1AA6DA16-B8FA-4B52-B55C-05AA0CC67F12}.Release|Any CPU.Build.0 = Release|Any CPU
		{35BD75C7-0A61-4905-A4E5-F20C12541A9B}.Debug|Any CPU.ActiveCfg = Debug|Any CPU
		{35BD75C7-0A61-4905-A4E5-F20C12541A9B}.Debug|Any CPU.Build.0 = Debug|Any CPU
		{35BD75C7-0A61-4905-A4E5-F20C12541A9B}.Release|Any CPU.ActiveCfg = Release|Any CPU
		{35BD75C7-0A61-4905-A4E5-F20C12541A9B}.Release|Any CPU.Build.0 = Release|Any CPU
		{C8835492-A2C4-4A1D-A112-E277B69189A6}.Debug|Any CPU.ActiveCfg = Debug|Any CPU
		{C8835492-A2C4-4A1D-A112-E277B69189A6}.Debug|Any CPU.Build.0 = Debug|Any CPU
		{C8835492-A2C4-4A1D-A112-E277B69189A6}.Release|Any CPU.ActiveCfg = Release|Any CPU
		{C8835492-A2C4-4A1D-A112-E277B69189A6}.Release|Any CPU.Build.0 = Release|Any CPU
		{FEF30033-9D52-4B35-9426-481FED511153}.Debug|Any CPU.ActiveCfg = Debug|Any CPU
		{FEF30033-9D52-4B35-9426-481FED511153}.Debug|Any CPU.Build.0 = Debug|Any CPU
		{FEF30033-9D52-4B35-9426-481FED511153}.Release|Any CPU.ActiveCfg = Release|Any CPU
		{FEF30033-9D52-4B35-9426-481FED511153}.Release|Any CPU.Build.0 = Release|Any CPU
	EndGlobalSection
	GlobalSection(SolutionProperties) = preSolution
		HideSolutionNode = FALSE
	EndGlobalSection
	GlobalSection(ExtensibilityGlobals) = postSolution
		SolutionGuid = {45A85DF5-AB65-4A29-99E2-1A63A5D7F9BC}
	EndGlobalSection
EndGlobal
